
Microsoft Visual Studio Solution File, Format Version 12.00
# Visual Studio Version 17
VisualStudioVersion = 17.13.35825.156 d17.13
MinimumVisualStudioVersion = 10.0.40219.1
Project("{FAE04EC0-301F-11D3-BF4B-00C04F79EFBC}") = "odevlerım5", "odevlerım5\odevlerım5.csproj", "{FA214EBC-A2AC-4EEC-87E1-253DF1D09534}"
EndProject
Global
	GlobalSection(SolutionConfigurationPlatforms) = preSolution
		Debug|Any CPU = Debug|Any CPU
		Release|Any CPU = Release|Any CPU
	EndGlobalSection
	GlobalSection(ProjectConfigurationPlatforms) = postSolution
		{FA214EBC-A2AC-4EEC-87E1-253DF1D09534}.Debug|Any CPU.ActiveCfg = Debug|Any CPU
		{FA214EBC-A2AC-4EEC-87E1-253DF1D09534}.Debug|Any CPU.Build.0 = Debug|Any CPU
		{FA214EBC-A2AC-4EEC-87E1-253DF1D09534}.Release|Any CPU.ActiveCfg = Release|Any CPU
		{FA214EBC-A2AC-4EEC-87E1-253DF1D09534}.Release|Any CPU.Build.0 = Release|Any CPU
	EndGlobalSection
	GlobalSection(SolutionProperties) = preSolution
		HideSolutionNode = FALSE
	EndGlobalSection
	GlobalSection(ExtensibilityGlobals) = postSolution
		SolutionGuid = {B69D1E2B-2D4E-4CC5-9E3E-58AD140B6F48}
	EndGlobalSection
EndGlobal
