
Microsoft Visual Studio Solution File, Format Version 12.00
# Visual Studio Version 17
VisualStudioVersion = 17.13.35825.156 d17.13
MinimumVisualStudioVersion = 10.0.40219.1
Project("{FAE04EC0-301F-11D3-BF4B-00C04F79EFBC}") = "WındowsFormOdev", "WındowsFormOdeb\WındowsFormOdev.csproj", "{EB66561F-F733-4461-B40D-40B3B692D100}"
EndProject
Global
	GlobalSection(SolutionConfigurationPlatforms) = preSolution
		Debug|Any CPU = Debug|Any CPU
		Release|Any CPU = Release|Any CPU
	EndGlobalSection
	GlobalSection(ProjectConfigurationPlatforms) = postSolution
		{EB66561F-F733-4461-B40D-40B3B692D100}.Debug|Any CPU.ActiveCfg = Debug|Any CPU
		{EB66561F-F733-4461-B40D-40B3B692D100}.Debug|Any CPU.Build.0 = Debug|Any CPU
		{EB66561F-F733-4461-B40D-40B3B692D100}.Release|Any CPU.ActiveCfg = Release|Any CPU
		{EB66561F-F733-4461-B40D-40B3B692D100}.Release|Any CPU.Build.0 = Release|Any CPU
	EndGlobalSection
	GlobalSection(SolutionProperties) = preSolution
		HideSolutionNode = FALSE
	EndGlobalSection
	GlobalSection(ExtensibilityGlobals) = postSolution
		SolutionGuid = {4C8B8973-8BBD-4557-8882-D3016011E029}
	EndGlobalSection
EndGlobal
